
Microsoft Visual Studio Solution File, Format Version 12.00
# Visual Studio Version 16
VisualStudioVersion = 16.0.30711.63
MinimumVisualStudioVersion = 10.0.40219.1
Project("{FAE04EC0-301F-11D3-BF4B-00C04F79EFBC}") = "ImageSharing", "ImageSharing.csproj", "{2B06CF69-C2E3-4CAF-ADA1-5E1ED2724BFD}"
EndProject
Global
	GlobalSection(SolutionConfigurationPlatforms) = preSolution
		Debug|Any CPU = Debug|Any CPU
		Release|Any CPU = Release|Any CPU
	EndGlobalSection
	GlobalSection(ProjectConfigurationPlatforms) = postSolution
		{2B06CF69-C2E3-4CAF-ADA1-5E1ED2724BFD}.Debug|Any CPU.ActiveCfg = Debug|Any CPU
		{2B06CF69-C2E3-4CAF-ADA1-5E1ED2724BFD}.Debug|Any CPU.Build.0 = Debug|Any CPU
		{2B06CF69-C2E3-4CAF-ADA1-5E1ED2724BFD}.Release|Any CPU.ActiveCfg = Release|Any CPU
		{2B06CF69-C2E3-4CAF-ADA1-5E1ED2724BFD}.Release|Any CPU.Build.0 = Release|Any CPU
	EndGlobalSection
	GlobalSection(SolutionProperties) = preSolution
		HideSolutionNode = FALSE
	EndGlobalSection
	GlobalSection(ExtensibilityGlobals) = postSolution
		SolutionGuid = {144726B5-CD1F-4D1F-8E1F-AB8D3810F4DF}
	EndGlobalSection
EndGlobal
